PODS:
  - AppAuth (0.95.1)
  - KeychainAccess (4.1.0)

DEPENDENCIES:
  - AppAuth (~> 0.94)
  - KeychainAccess

SPEC REPOS:
  trunk:
    - AppAuth
    - KeychainAccess

SPEC CHECKSUMS:
  AppAuth: cd34aac431e5c77c46ec7f03935377faa8c5808b
  KeychainAccess: 445e28864fe6d3458b41fa211bcdc39890e8bd5a

PODFILE CHECKSUM: 248963c78cf7c85e684986449f2bc72ce5a44128

COCOAPODS: 1.8.4
